
Microsoft Visual Studio Solution File, Format Version 12.00
# Visual Studio 2013
VisualStudioVersion = 12.0.30110.0
MinimumVisualStudioVersion = 10.0.40219.1
Project("{FAE04EC0-301F-11D3-BF4B-00C04F79EFBC}") = "Moshavit.REST", "Moshavit.REST\Moshavit.REST.csproj", "{D522758A-B44A-48F3-A798-D4D7B9582415}"
EndProject
Project("{2150E333-8FDC-42A3-9474-1A3956D46DE8}") = "REST", "REST", "{348E3805-C68A-4955-8382-B27AF70B7031}"
EndProject
Project("{2150E333-8FDC-42A3-9474-1A3956D46DE8}") = "Infrastructure", "Infrastructure", "{8F0EA4B0-FB7E-4B58-8AC9-DCB6F4437B24}"
EndProject
Project("{FAE04EC0-301F-11D3-BF4B-00C04F79EFBC}") = "Moshavit.Castel", "Moshavit.Castel\Moshavit.Castel.csproj", "{38C8DAA4-18A4-4F12-8DEB-DD1B6AE10603}"
EndProject
Project("{FAE04EC0-301F-11D3-BF4B-00C04F79EFBC}") = "Moshavit.Entity.Table", "Moshavit.Entity\Moshavit.Entity.Table.csproj", "{6413B4BF-0F34-4675-961D-B4A6E6662D19}"
EndProject
Project("{FAE04EC0-301F-11D3-BF4B-00C04F79EFBC}") = "Moshavit.DataBase", "Moshavit.DataBase\Moshavit.DataBase.csproj", "{F921762C-3B84-47B1-B8E1-A772EA9F111B}"
EndProject
Project("{FAE04EC0-301F-11D3-BF4B-00C04F79EFBC}") = "Moshavit.Service", "Moshavit.Service\Moshavit.Service.csproj", "{D3DE5125-D5A2-4538-B8D3-FCA3EB8877D3}"
EndProject
Project("{2150E333-8FDC-42A3-9474-1A3956D46DE8}") = "Common", "Common", "{2CC3FCEE-8532-47E7-B425-06C5F1F14B91}"
EndProject
Project("{FAE04EC0-301F-11D3-BF4B-00C04F79EFBC}") = "Moshavit.Exceptions", "Moshavit.Exceptions\Moshavit.Exceptions.csproj", "{106C1494-2141-4093-828C-AFA399C637CE}"
EndProject
Project("{2150E333-8FDC-42A3-9474-1A3956D46DE8}") = "Solution Items", "Solution Items", "{15B67415-5D55-4A54-8141-1993126C68EA}"
	ProjectSection(SolutionItems) = preProject
		Comments.txt = Comments.txt
		JSON.txt = JSON.txt
	EndProjectSection
EndProject
Project("{2150E333-8FDC-42A3-9474-1A3956D46DE8}") = "Test", "Test", "{CAECDF78-4CD4-44AD-894C-0E9E12E1F768}"
EndProject
Project("{FAE04EC0-301F-11D3-BF4B-00C04F79EFBC}") = "Moshavit.Entity.Dto", "Moshavit.Entity.Dto\Moshavit.Entity.Dto.csproj", "{B681B2B3-E4A6-496C-94D8-841766EF63BC}"
EndProject
Project("{FAE04EC0-301F-11D3-BF4B-00C04F79EFBC}") = "Moshavit.Mapper", "Moshavit.Mapper\Moshavit.Mapper.csproj", "{7C1D8755-2C8F-43B4-A7C4-5870D063D12B}"
EndProject
Project("{FAE04EC0-301F-11D3-BF4B-00C04F79EFBC}") = "MapperTest", "MapperTest\MapperTest.csproj", "{0E820402-C13C-4AB1-990B-3BA669AE9242}"
EndProject
Project("{FAE04EC0-301F-11D3-BF4B-00C04F79EFBC}") = "ReflectionTest", "ReflectionTest\ReflectionTest.csproj", "{A3994B08-1351-4594-B280-643A4FBA0D94}"
EndProject
Global
	GlobalSection(SolutionConfigurationPlatforms) = preSolution
		Debug|Any CPU = Debug|Any CPU
		Release|Any CPU = Release|Any CPU
	EndGlobalSection
	GlobalSection(ProjectConfigurationPlatforms) = postSolution
		{D522758A-B44A-48F3-A798-D4D7B9582415}.Debug|Any CPU.ActiveCfg = Debug|Any CPU
		{D522758A-B44A-48F3-A798-D4D7B9582415}.Debug|Any CPU.Build.0 = Debug|Any CPU
		{D522758A-B44A-48F3-A798-D4D7B9582415}.Release|Any CPU.ActiveCfg = Release|Any CPU
		{D522758A-B44A-48F3-A798-D4D7B9582415}.Release|Any CPU.Build.0 = Release|Any CPU
		{38C8DAA4-18A4-4F12-8DEB-DD1B6AE10603}.Debug|Any CPU.ActiveCfg = Debug|Any CPU
		{38C8DAA4-18A4-4F12-8DEB-DD1B6AE10603}.Debug|Any CPU.Build.0 = Debug|Any CPU
		{38C8DAA4-18A4-4F12-8DEB-DD1B6AE10603}.Release|Any CPU.ActiveCfg = Release|Any CPU
		{38C8DAA4-18A4-4F12-8DEB-DD1B6AE10603}.Release|Any CPU.Build.0 = Release|Any CPU
		{6413B4BF-0F34-4675-961D-B4A6E6662D19}.Debug|Any CPU.ActiveCfg = Debug|Any CPU
		{6413B4BF-0F34-4675-961D-B4A6E6662D19}.Debug|Any CPU.Build.0 = Debug|Any CPU
		{6413B4BF-0F34-4675-961D-B4A6E6662D19}.Release|Any CPU.ActiveCfg = Release|Any CPU
		{6413B4BF-0F34-4675-961D-B4A6E6662D19}.Release|Any CPU.Build.0 = Release|Any CPU
		{F921762C-3B84-47B1-B8E1-A772EA9F111B}.Debug|Any CPU.ActiveCfg = Debug|Any CPU
		{F921762C-3B84-47B1-B8E1-A772EA9F111B}.Debug|Any CPU.Build.0 = Debug|Any CPU
		{F921762C-3B84-47B1-B8E1-A772EA9F111B}.Release|Any CPU.ActiveCfg = Release|Any CPU
		{F921762C-3B84-47B1-B8E1-A772EA9F111B}.Release|Any CPU.Build.0 = Release|Any CPU
		{D3DE5125-D5A2-4538-B8D3-FCA3EB8877D3}.Debug|Any CPU.ActiveCfg = Debug|Any CPU
		{D3DE5125-D5A2-4538-B8D3-FCA3EB8877D3}.Debug|Any CPU.Build.0 = Debug|Any CPU
		{D3DE5125-D5A2-4538-B8D3-FCA3EB8877D3}.Release|Any CPU.ActiveCfg = Release|Any CPU
		{D3DE5125-D5A2-4538-B8D3-FCA3EB8877D3}.Release|Any CPU.Build.0 = Release|Any CPU
		{106C1494-2141-4093-828C-AFA399C637CE}.Debug|Any CPU.ActiveCfg = Debug|Any CPU
		{106C1494-2141-4093-828C-AFA399C637CE}.Debug|Any CPU.Build.0 = Debug|Any CPU
		{106C1494-2141-4093-828C-AFA399C637CE}.Release|Any CPU.ActiveCfg = Release|Any CPU
		{106C1494-2141-4093-828C-AFA399C637CE}.Release|Any CPU.Build.0 = Release|Any CPU
		{B681B2B3-E4A6-496C-94D8-841766EF63BC}.Debug|Any CPU.ActiveCfg = Debug|Any CPU
		{B681B2B3-E4A6-496C-94D8-841766EF63BC}.Debug|Any CPU.Build.0 = Debug|Any CPU
		{B681B2B3-E4A6-496C-94D8-841766EF63BC}.Release|Any CPU.ActiveCfg = Release|Any CPU
		{B681B2B3-E4A6-496C-94D8-841766EF63BC}.Release|Any CPU.Build.0 = Release|Any CPU
		{7C1D8755-2C8F-43B4-A7C4-5870D063D12B}.Debug|Any CPU.ActiveCfg = Debug|Any CPU
		{7C1D8755-2C8F-43B4-A7C4-5870D063D12B}.Debug|Any CPU.Build.0 = Debug|Any CPU
		{7C1D8755-2C8F-43B4-A7C4-5870D063D12B}.Release|Any CPU.ActiveCfg = Release|Any CPU
		{7C1D8755-2C8F-43B4-A7C4-5870D063D12B}.Release|Any CPU.Build.0 = Release|Any CPU
		{0E820402-C13C-4AB1-990B-3BA669AE9242}.Debug|Any CPU.ActiveCfg = Debug|Any CPU
		{0E820402-C13C-4AB1-990B-3BA669AE9242}.Debug|Any CPU.Build.0 = Debug|Any CPU
		{0E820402-C13C-4AB1-990B-3BA669AE9242}.Release|Any CPU.ActiveCfg = Release|Any CPU
		{0E820402-C13C-4AB1-990B-3BA669AE9242}.Release|Any CPU.Build.0 = Release|Any CPU
		{A3994B08-1351-4594-B280-643A4FBA0D94}.Debug|Any CPU.ActiveCfg = Debug|Any CPU
		{A3994B08-1351-4594-B280-643A4FBA0D94}.Debug|Any CPU.Build.0 = Debug|Any CPU
		{A3994B08-1351-4594-B280-643A4FBA0D94}.Release|Any CPU.ActiveCfg = Release|Any CPU
		{A3994B08-1351-4594-B280-643A4FBA0D94}.Release|Any CPU.Build.0 = Release|Any CPU
	EndGlobalSection
	GlobalSection(SolutionProperties) = preSolution
		HideSolutionNode = FALSE
	EndGlobalSection
	GlobalSection(NestedProjects) = preSolution
		{D522758A-B44A-48F3-A798-D4D7B9582415} = {348E3805-C68A-4955-8382-B27AF70B7031}
		{38C8DAA4-18A4-4F12-8DEB-DD1B6AE10603} = {8F0EA4B0-FB7E-4B58-8AC9-DCB6F4437B24}
		{6413B4BF-0F34-4675-961D-B4A6E6662D19} = {8F0EA4B0-FB7E-4B58-8AC9-DCB6F4437B24}
		{F921762C-3B84-47B1-B8E1-A772EA9F111B} = {8F0EA4B0-FB7E-4B58-8AC9-DCB6F4437B24}
		{D3DE5125-D5A2-4538-B8D3-FCA3EB8877D3} = {8F0EA4B0-FB7E-4B58-8AC9-DCB6F4437B24}
		{7C1D8755-2C8F-43B4-A7C4-5870D063D12B} = {8F0EA4B0-FB7E-4B58-8AC9-DCB6F4437B24}
		{106C1494-2141-4093-828C-AFA399C637CE} = {2CC3FCEE-8532-47E7-B425-06C5F1F14B91}
		{B681B2B3-E4A6-496C-94D8-841766EF63BC} = {2CC3FCEE-8532-47E7-B425-06C5F1F14B91}
		{0E820402-C13C-4AB1-990B-3BA669AE9242} = {CAECDF78-4CD4-44AD-894C-0E9E12E1F768}
		{A3994B08-1351-4594-B280-643A4FBA0D94} = {CAECDF78-4CD4-44AD-894C-0E9E12E1F768}
	EndGlobalSection
EndGlobal
